<?xml version="1.0" encoding="utf-8"?>
<Project ToolsVersion="4.0" xmlns="http://schemas.microsoft.com/developer/msbuild/2003">
  <ItemGroup>
    <Filter Include="Source Files">
      <UniqueIdentifier>{4FC737F1-C7A5-4376-A066-2A32D752A2FF}</UniqueIdentifier>
      <Extensions>cpp;c;cc;cxx;def;odl;idl;hpj;bat;asm;asmx</Extensions>
    </Filter>
    <Filter Include="Header Files">
      <UniqueIdentifier>{93995380-89BD-4b04-88EB-625FBE52EBFB}</UniqueIdentifier>
      <Extensions>h;hh;hpp;hxx;hm;inl;inc;xsd</Extensions>
    </Filter>
    <Filter Include="Resource Files">
      <UniqueIdentifier>{67DA6AB6-F800-4c08-8B7A-83BB121AAD01}</UniqueIdentifier>
      <Extensions>rc;ico;cur;bmp;dlg;rc2;rct;bin;rgs;gif;jpg;jpeg;jpe;resx;tiff;tif;png;wav;mfcribbon-ms</Extensions>
    </Filter>
    <Filter Include="Form Files">
      <UniqueIdentifier>{99349809-55BA-4b9d-BF79-8FDBB0286EB3}</UniqueIdentifier>
      <Extensions>ui</Extensions>
    </Filter>
    <Filter Include="Resource Files">
      <UniqueIdentifier>{D9D6E242-F8AF-46E4-B9FD-80ECBC20BA3E}</UniqueIdentifier>
      <Extensions>qrc;*</Extensions>
      <ParseFiles>false</ParseFiles>
    </Filter>
    <Filter Include="Header Files\librerias">
      <UniqueIdentifier>{ed577ef0-de88-4154-838c-f3b28e89ac1e}</UniqueIdentifier>
    </Filter>
    <Filter Include="Resource Files\shaders">
      <UniqueIdentifier>{8e257134-7517-4667-93c9-4af00f62ee06}</UniqueIdentifier>
    </Filter>
    <Filter Include="Header Files\util">
      <UniqueIdentifier>{52e797f1-1097-4075-8826-c6e62b67d18b}</UniqueIdentifier>
    </Filter>
    <Filter Include="Source Files\util">
      <UniqueIdentifier>{d34d7a26-ee69-4c35-baf8-64f0ac7c3f2c}</UniqueIdentifier>
    </Filter>
    <Filter Include="Header Files\figuras">
      <UniqueIdentifier>{8527930e-acb5-4d73-ab3b-cd4429bc328a}</UniqueIdentifier>
    </Filter>
    <Filter Include="Source Files\figuras">
      <UniqueIdentifier>{9e54a16a-8128-4232-a5ee-9c5e0f2d8d57}</UniqueIdentifier>
    </Filter>
  </ItemGroup>
  <ItemGroup>
    <QtRcc Include="ProyectoVisualizacion3D.qrc">
      <Filter>Resource Files</Filter>
    </QtRcc>
    <QtUic Include="ProyectoVisualizacion3D.ui">
      <Filter>Resource Files</Filter>
    </QtUic>
    <QtMoc Include="ProyectoVisualizacion3D.h">
      <Filter>Header Files</Filter>
    </QtMoc>
    <ClCompile Include="ProyectoVisualizacion3D.cpp">
      <Filter>Source Files</Filter>
    </ClCompile>
  </ItemGroup>
  <ItemGroup>
    <ClCompile Include="main.cpp">
      <Filter>Source Files</Filter>
    </ClCompile>
    <ClCompile Include="OpenGLWidget.cpp">
      <Filter>Source Files</Filter>
    </ClCompile>
    <ClCompile Include="shader.cpp">
      <Filter>Source Files\util</Filter>
    </ClCompile>
    <ClCompile Include="Sphere.cpp">
      <Filter>Source Files\figuras</Filter>
    </ClCompile>
    <ClCompile Include="Sphere2.cpp">
      <Filter>Source Files\figuras</Filter>
    </ClCompile>
    <ClCompile Include="Torus.cpp">
      <Filter>Source Files\figuras</Filter>
    </ClCompile>
    <ClCompile Include="Cono.cpp">
      <Filter>Source Files\figuras</Filter>
    </ClCompile>
  </ItemGroup>
  <ItemGroup>
    <ClInclude Include="OpenGLWidget.h">
      <Filter>Header Files</Filter>
    </ClInclude>
    <ClInclude Include="libs.h">
      <Filter>Header Files\librerias</Filter>
    </ClInclude>
    <ClInclude Include="shader.hpp">
      <Filter>Header Files\util</Filter>
    </ClInclude>
    <ClInclude Include="Sphere.h">
      <Filter>Header Files\figuras</Filter>
    </ClInclude>
    <ClInclude Include="Sphere2.h">
      <Filter>Header Files\figuras</Filter>
    </ClInclude>
    <ClInclude Include="Torus.h">
      <Filter>Header Files\figuras</Filter>
    </ClInclude>
    <ClInclude Include="Cono.h">
      <Filter>Header Files\figuras</Filter>
    </ClInclude>
  </ItemGroup>
  <ItemGroup>
    <None Include="fragment_core.glsl">
      <Filter>Resource Files\shaders</Filter>
    </None>
    <None Include="vertex_core.glsl">
      <Filter>Resource Files\shaders</Filter>
    </None>
    <None Include="fragment_plano.glsl">
      <Filter>Resource Files\shaders</Filter>
    </None>
    <None Include="vertex_plano.glsl">
      <Filter>Resource Files\shaders</Filter>
    </None>
  </ItemGroup>
</Project>